
Microsoft Visual Studio Solution File, Format Version 12.00
# Visual Studio Version 16
VisualStudioVersion = 16.0.31105.61
MinimumVisualStudioVersion = 10.0.40219.1
Project("{9A19103F-16F7-4668-BE54-9A1E7A4F7556}") = "VideoPresentationLib", "VIdeoPresentationLib\VideoPresentationLib.csproj", "{59BB16FA-062B-4ED9-B633-3B8DD9FC9978}"
EndProject
Project("{9A19103F-16F7-4668-BE54-9A1E7A4F7556}") = "VideoPresentationMaker", "VideoPresentationMaker\VideoPresentationMaker.csproj", "{6309E436-682D-421E-BA08-261D96DF43F9}"
	ProjectSection(ProjectDependencies) = postProject
		{59BB16FA-062B-4ED9-B633-3B8DD9FC9978} = {59BB16FA-062B-4ED9-B633-3B8DD9FC9978}
	EndProjectSection
EndProject
Project("{9A19103F-16F7-4668-BE54-9A1E7A4F7556}") = "VideoPresentator", "VIdeoPresentator\VideoPresentator.csproj", "{B1523B09-4D06-48BF-BA40-C99311BF4FEA}"
	ProjectSection(ProjectDependencies) = postProject
		{59BB16FA-062B-4ED9-B633-3B8DD9FC9978} = {59BB16FA-062B-4ED9-B633-3B8DD9FC9978}
	EndProjectSection
EndProject
Global
	GlobalSection(SolutionConfigurationPlatforms) = preSolution
		Debug|Any CPU = Debug|Any CPU
		Release|Any CPU = Release|Any CPU
	EndGlobalSection
	GlobalSection(ProjectConfigurationPlatforms) = postSolution
		{59BB16FA-062B-4ED9-B633-3B8DD9FC9978}.Debug|Any CPU.ActiveCfg = Debug|Any CPU
		{59BB16FA-062B-4ED9-B633-3B8DD9FC9978}.Debug|Any CPU.Build.0 = Debug|Any CPU
		{59BB16FA-062B-4ED9-B633-3B8DD9FC9978}.Release|Any CPU.ActiveCfg = Release|Any CPU
		{59BB16FA-062B-4ED9-B633-3B8DD9FC9978}.Release|Any CPU.Build.0 = Release|Any CPU
		{6309E436-682D-421E-BA08-261D96DF43F9}.Debug|Any CPU.ActiveCfg = Debug|Any CPU
		{6309E436-682D-421E-BA08-261D96DF43F9}.Debug|Any CPU.Build.0 = Debug|Any CPU
		{6309E436-682D-421E-BA08-261D96DF43F9}.Release|Any CPU.ActiveCfg = Release|Any CPU
		{6309E436-682D-421E-BA08-261D96DF43F9}.Release|Any CPU.Build.0 = Release|Any CPU
		{B1523B09-4D06-48BF-BA40-C99311BF4FEA}.Debug|Any CPU.ActiveCfg = Debug|Any CPU
		{B1523B09-4D06-48BF-BA40-C99311BF4FEA}.Debug|Any CPU.Build.0 = Debug|Any CPU
		{B1523B09-4D06-48BF-BA40-C99311BF4FEA}.Release|Any CPU.ActiveCfg = Release|Any CPU
		{B1523B09-4D06-48BF-BA40-C99311BF4FEA}.Release|Any CPU.Build.0 = Release|Any CPU
	EndGlobalSection
	GlobalSection(SolutionProperties) = preSolution
		HideSolutionNode = FALSE
	EndGlobalSection
	GlobalSection(ExtensibilityGlobals) = postSolution
		SolutionGuid = {F50D1CF6-8630-497C-A916-F3D0E04D6FD8}
	EndGlobalSection
EndGlobal
